
Microsoft Visual Studio Solution File, Format Version 12.00
# Visual Studio Version 16
VisualStudioVersion = 16.0.29209.62
MinimumVisualStudioVersion = 10.0.40219.1
Project("{8BC9CEB8-8B4A-11D0-8D11-00A0C91BC942}") = "WinTest", "WinTest.vcxproj", "{913CCF73-1D08-4CC5-89DF-5F1C199C5E88}"
EndProject
Global
	GlobalSection(SolutionConfigurationPlatforms) = preSolution
		stdio-l|x64 = stdio-l|x64
		stdio-l|x86 = stdio-l|x86
		stdio-l-flt|x64 = stdio-l-flt|x64
		stdio-l-flt|x86 = stdio-l-flt|x86
		stdio-ll|x64 = stdio-ll|x64
		stdio-ll|x86 = stdio-ll|x86
		stdio-ll-dbl|x64 = stdio-ll-dbl|x64
		stdio-ll-dbl|x86 = stdio-ll-dbl|x86
		stdio-ll-flt|x64 = stdio-ll-flt|x64
		stdio-ll-flt|x86 = stdio-ll-flt|x86
		stdio-ll-flt-dbl|x64 = stdio-ll-flt-dbl|x64
		stdio-ll-flt-dbl|x86 = stdio-ll-flt-dbl|x86
	EndGlobalSection
	GlobalSection(ProjectConfigurationPlatforms) = postSolution
		{913CCF73-1D08-4CC5-89DF-5F1C199C5E88}.stdio-l|x64.ActiveCfg = stdio-l|x64
		{913CCF73-1D08-4CC5-89DF-5F1C199C5E88}.stdio-l|x64.Build.0 = stdio-l|x64
		{913CCF73-1D08-4CC5-89DF-5F1C199C5E88}.stdio-l|x86.ActiveCfg = stdio-l|Win32
		{913CCF73-1D08-4CC5-89DF-5F1C199C5E88}.stdio-l|x86.Build.0 = stdio-l|Win32
		{913CCF73-1D08-4CC5-89DF-5F1C199C5E88}.stdio-l-flt|x64.ActiveCfg = stdio-l-flt|x64
		{913CCF73-1D08-4CC5-89DF-5F1C199C5E88}.stdio-l-flt|x64.Build.0 = stdio-l-flt|x64
		{913CCF73-1D08-4CC5-89DF-5F1C199C5E88}.stdio-l-flt|x86.ActiveCfg = stdio-l-flt|Win32
		{913CCF73-1D08-4CC5-89DF-5F1C199C5E88}.stdio-l-flt|x86.Build.0 = stdio-l-flt|Win32
		{913CCF73-1D08-4CC5-89DF-5F1C199C5E88}.stdio-ll|x64.ActiveCfg = stdio-ll|x64
		{913CCF73-1D08-4CC5-89DF-5F1C199C5E88}.stdio-ll|x64.Build.0 = stdio-ll|x64
		{913CCF73-1D08-4CC5-89DF-5F1C199C5E88}.stdio-ll|x86.ActiveCfg = stdio-ll|Win32
		{913CCF73-1D08-4CC5-89DF-5F1C199C5E88}.stdio-ll|x86.Build.0 = stdio-ll|Win32
		{913CCF73-1D08-4CC5-89DF-5F1C199C5E88}.stdio-ll-dbl|x64.ActiveCfg = stdio-ll-dbl|x64
		{913CCF73-1D08-4CC5-89DF-5F1C199C5E88}.stdio-ll-dbl|x64.Build.0 = stdio-ll-dbl|x64
		{913CCF73-1D08-4CC5-89DF-5F1C199C5E88}.stdio-ll-dbl|x86.ActiveCfg = stdio-ll-dbl|Win32
		{913CCF73-1D08-4CC5-89DF-5F1C199C5E88}.stdio-ll-dbl|x86.Build.0 = stdio-ll-dbl|Win32
		{913CCF73-1D08-4CC5-89DF-5F1C199C5E88}.stdio-ll-flt|x64.ActiveCfg = stdio-ll-flt|x64
		{913CCF73-1D08-4CC5-89DF-5F1C199C5E88}.stdio-ll-flt|x64.Build.0 = stdio-ll-flt|x64
		{913CCF73-1D08-4CC5-89DF-5F1C199C5E88}.stdio-ll-flt|x86.ActiveCfg = stdio-ll-flt|Win32
		{913CCF73-1D08-4CC5-89DF-5F1C199C5E88}.stdio-ll-flt|x86.Build.0 = stdio-ll-flt|Win32
		{913CCF73-1D08-4CC5-89DF-5F1C199C5E88}.stdio-ll-flt-dbl|x64.ActiveCfg = stdio-ll-flt-dbl|x64
		{913CCF73-1D08-4CC5-89DF-5F1C199C5E88}.stdio-ll-flt-dbl|x64.Build.0 = stdio-ll-flt-dbl|x64
		{913CCF73-1D08-4CC5-89DF-5F1C199C5E88}.stdio-ll-flt-dbl|x86.ActiveCfg = stdio-ll-flt-dbl|Win32
		{913CCF73-1D08-4CC5-89DF-5F1C199C5E88}.stdio-ll-flt-dbl|x86.Build.0 = stdio-ll-flt-dbl|Win32
	EndGlobalSection
	GlobalSection(SolutionProperties) = preSolution
		HideSolutionNode = FALSE
	EndGlobalSection
	GlobalSection(ExtensibilityGlobals) = postSolution
		SolutionGuid = {92BFC825-733C-4007-A55A-AC4ADD51486E}
	EndGlobalSection
EndGlobal
