<?xml version="1.0" encoding="utf-8"?>
<Project ToolsVersion="4.0" xmlns="http://schemas.microsoft.com/developer/msbuild/2003">
  <ItemGroup>
    <Filter Include="Source Files">
      <UniqueIdentifier>{4FC737F1-C7A5-4376-A066-2A32D752A2FF}</UniqueIdentifier>
      <Extensions>cpp;c;cc;cxx;def;odl;idl;hpj;bat;asm;asmx</Extensions>
    </Filter>
    <Filter Include="Header Files">
      <UniqueIdentifier>{93995380-89BD-4b04-88EB-625FBE52EBFB}</UniqueIdentifier>
      <Extensions>h;hh;hpp;hxx;hm;inl;inc;ipp;xsd</Extensions>
    </Filter>
    <Filter Include="Resource Files">
      <UniqueIdentifier>{67DA6AB6-F800-4c08-8B7A-83BB121AAD01}</UniqueIdentifier>
      <Extensions>rc;ico;cur;bmp;dlg;rc2;rct;bin;rgs;gif;jpg;jpeg;jpe;resx;tiff;tif;png;wav;mfcribbon-ms</Extensions>
    </Filter>
  </ItemGroup>
  <ItemGroup>
    <ClCompile Include="WinTest.c">
      <Filter>Source Files</Filter>
    </ClCompile>
    <ClCompile Include="..\..\libc\stdio\clearerr.c">
      <Filter>Source Files</Filter>
    </ClCompile>
    <ClCompile Include="..\..\libc\stdio\feof.c">
      <Filter>Source Files</Filter>
    </ClCompile>
    <ClCompile Include="..\..\libc\stdio\ferror.c">
      <Filter>Source Files</Filter>
    </ClCompile>
    <ClCompile Include="..\..\libc\stdio\fgetc.c">
      <Filter>Source Files</Filter>
    </ClCompile>
    <ClCompile Include="..\..\libc\stdio\fgets.c">
      <Filter>Source Files</Filter>
    </ClCompile>
    <ClCompile Include="..\..\libc\stdio\fprintf.c">
      <Filter>Source Files</Filter>
    </ClCompile>
    <ClCompile Include="..\..\libc\stdio\fputc.c">
      <Filter>Source Files</Filter>
    </ClCompile>
    <ClCompile Include="..\..\libc\stdio\fputs.c">
      <Filter>Source Files</Filter>
    </ClCompile>
    <ClCompile Include="..\..\libc\stdio\fread.c">
      <Filter>Source Files</Filter>
    </ClCompile>
    <ClCompile Include="..\..\libc\stdio\fscanf.c">
      <Filter>Source Files</Filter>
    </ClCompile>
    <ClCompile Include="..\..\libc\stdio\ftoa.c">
      <Filter>Source Files</Filter>
    </ClCompile>
    <ClCompile Include="..\..\libc\stdio\fwrite.c">
      <Filter>Source Files</Filter>
    </ClCompile>
    <ClCompile Include="..\..\libc\stdio\getchar.c">
      <Filter>Source Files</Filter>
    </ClCompile>
    <ClCompile Include="..\..\libc\stdio\gets.c">
      <Filter>Source Files</Filter>
    </ClCompile>
    <ClCompile Include="..\..\libc\stdio\printf.c">
      <Filter>Source Files</Filter>
    </ClCompile>
    <ClCompile Include="..\..\libc\stdio\putchar.c">
      <Filter>Source Files</Filter>
    </ClCompile>
    <ClCompile Include="..\..\libc\stdio\puts.c">
      <Filter>Source Files</Filter>
    </ClCompile>
    <ClCompile Include="..\..\libc\stdio\scanf.c">
      <Filter>Source Files</Filter>
    </ClCompile>
    <ClCompile Include="..\..\libc\stdio\snprintf.c">
      <Filter>Source Files</Filter>
    </ClCompile>
    <ClCompile Include="..\..\libc\stdio\sprintf.c">
      <Filter>Source Files</Filter>
    </ClCompile>
    <ClCompile Include="..\..\libc\stdio\sscanf.c">
      <Filter>Source Files</Filter>
    </ClCompile>
    <ClCompile Include="..\..\libc\stdio\ungetc.c">
      <Filter>Source Files</Filter>
    </ClCompile>
    <ClCompile Include="..\..\libc\stdio\vfprintf.c">
      <Filter>Source Files</Filter>
    </ClCompile>
    <ClCompile Include="..\..\libc\stdio\vfscanf.c">
      <Filter>Source Files</Filter>
    </ClCompile>
    <ClCompile Include="..\..\libc\stdio\vprintf.c">
      <Filter>Source Files</Filter>
    </ClCompile>
    <ClCompile Include="..\..\libc\stdio\vscanf.c">
      <Filter>Source Files</Filter>
    </ClCompile>
    <ClCompile Include="..\..\libc\stdio\vsnprintf.c">
      <Filter>Source Files</Filter>
    </ClCompile>
    <ClCompile Include="..\..\libc\stdio\vsprintf.c">
      <Filter>Source Files</Filter>
    </ClCompile>
    <ClCompile Include="Driver.c">
      <Filter>Source Files</Filter>
    </ClCompile>
    <ClCompile Include="..\..\libc\stdio\dtoa.c">
      <Filter>Source Files</Filter>
    </ClCompile>
    <ClCompile Include="..\..\libc\stdio\strconvhelp.c">
      <Filter>Source Files</Filter>
    </ClCompile>
    <ClCompile Include="..\..\libc\stdio\strconvf.c">
      <Filter>Source Files</Filter>
    </ClCompile>
    <ClCompile Include="..\..\libc\stdio\mulpower100d.c">
      <Filter>Source Files</Filter>
    </ClCompile>
    <ClCompile Include="..\..\libc\stdio\mulpower100f.c">
      <Filter>Source Files</Filter>
    </ClCompile>
    <ClCompile Include="..\..\libc\stdio\strconvd.c">
      <Filter>Source Files</Filter>
    </ClCompile>
    <ClCompile Include="..\..\libc\stdio\strtod.c">
      <Filter>Source Files</Filter>
    </ClCompile>
    <ClCompile Include="..\..\libc\stdio\atof.c">
      <Filter>Source Files</Filter>
    </ClCompile>
    <ClCompile Include="..\..\libc\stdio\strtof.c">
      <Filter>Source Files</Filter>
    </ClCompile>
    <ClCompile Include="Print.c">
      <Filter>Source Files</Filter>
    </ClCompile>
  </ItemGroup>
  <ItemGroup>
    <ClInclude Include="..\..\libc\stdio\convtoa.h">
      <Filter>Source Files</Filter>
    </ClInclude>
    <ClInclude Include="..\..\libc\include\stdio.h">
      <Filter>Header Files</Filter>
    </ClInclude>
    <ClInclude Include="..\..\libc\stdio\stdio_private.h">
      <Filter>Header Files</Filter>
    </ClInclude>
    <ClInclude Include="..\..\libc\stdio\strconv.h">
      <Filter>Header Files</Filter>
    </ClInclude>
  </ItemGroup>
</Project>