
Microsoft Visual Studio Solution File, Format Version 12.00
# Visual Studio Version 16
VisualStudioVersion = 16.0.29209.62
MinimumVisualStudioVersion = 10.0.40219.1
Project("{8BC9CEB8-8B4A-11D0-8D11-00A0C91BC942}") = "WinTest", "WinTest.vcxproj", "{913CCF73-1D08-4CC5-89DF-5F1C199C5E88}"
EndProject
Global
	GlobalSection(SolutionConfigurationPlatforms) = preSolution
		libstdio-l|x64 = libstdio-l|x64
		libstdio-l|x86 = libstdio-l|x86
		libstdio-l-float|x64 = libstdio-l-float|x64
		libstdio-l-float|x86 = libstdio-l-float|x86
		libstdio-ll|x64 = libstdio-ll|x64
		libstdio-ll|x86 = libstdio-ll|x86
		libstdio-ll-double|x64 = libstdio-ll-double|x64
		libstdio-ll-double|x86 = libstdio-ll-double|x86
		libstdio-ll-float|x64 = libstdio-ll-float|x64
		libstdio-ll-float|x86 = libstdio-ll-float|x86
	EndGlobalSection
	GlobalSection(ProjectConfigurationPlatforms) = postSolution
		{913CCF73-1D08-4CC5-89DF-5F1C199C5E88}.libstdio-l|x64.ActiveCfg = libstdio-l|x64
		{913CCF73-1D08-4CC5-89DF-5F1C199C5E88}.libstdio-l|x64.Build.0 = libstdio-l|x64
		{913CCF73-1D08-4CC5-89DF-5F1C199C5E88}.libstdio-l|x86.ActiveCfg = libstdio-l|Win32
		{913CCF73-1D08-4CC5-89DF-5F1C199C5E88}.libstdio-l|x86.Build.0 = libstdio-l|Win32
		{913CCF73-1D08-4CC5-89DF-5F1C199C5E88}.libstdio-l-float|x64.ActiveCfg = libstdio-l-float|x64
		{913CCF73-1D08-4CC5-89DF-5F1C199C5E88}.libstdio-l-float|x64.Build.0 = libstdio-l-float|x64
		{913CCF73-1D08-4CC5-89DF-5F1C199C5E88}.libstdio-l-float|x86.ActiveCfg = libstdio-l-float|Win32
		{913CCF73-1D08-4CC5-89DF-5F1C199C5E88}.libstdio-l-float|x86.Build.0 = libstdio-l-float|Win32
		{913CCF73-1D08-4CC5-89DF-5F1C199C5E88}.libstdio-ll|x64.ActiveCfg = libstdio-ll|x64
		{913CCF73-1D08-4CC5-89DF-5F1C199C5E88}.libstdio-ll|x64.Build.0 = libstdio-ll|x64
		{913CCF73-1D08-4CC5-89DF-5F1C199C5E88}.libstdio-ll|x86.ActiveCfg = libstdio-ll|Win32
		{913CCF73-1D08-4CC5-89DF-5F1C199C5E88}.libstdio-ll|x86.Build.0 = libstdio-ll|Win32
		{913CCF73-1D08-4CC5-89DF-5F1C199C5E88}.libstdio-ll-double|x64.ActiveCfg = libstdio-ll-double|x64
		{913CCF73-1D08-4CC5-89DF-5F1C199C5E88}.libstdio-ll-double|x64.Build.0 = libstdio-ll-double|x64
		{913CCF73-1D08-4CC5-89DF-5F1C199C5E88}.libstdio-ll-double|x86.ActiveCfg = libstdio-ll-double|Win32
		{913CCF73-1D08-4CC5-89DF-5F1C199C5E88}.libstdio-ll-double|x86.Build.0 = libstdio-ll-double|Win32
		{913CCF73-1D08-4CC5-89DF-5F1C199C5E88}.libstdio-ll-float|x64.ActiveCfg = libstdio-ll-float|x64
		{913CCF73-1D08-4CC5-89DF-5F1C199C5E88}.libstdio-ll-float|x64.Build.0 = libstdio-ll-float|x64
		{913CCF73-1D08-4CC5-89DF-5F1C199C5E88}.libstdio-ll-float|x86.ActiveCfg = libstdio-ll-float|Win32
		{913CCF73-1D08-4CC5-89DF-5F1C199C5E88}.libstdio-ll-float|x86.Build.0 = libstdio-ll-float|Win32
	EndGlobalSection
	GlobalSection(SolutionProperties) = preSolution
		HideSolutionNode = FALSE
	EndGlobalSection
	GlobalSection(ExtensibilityGlobals) = postSolution
		SolutionGuid = {92BFC825-733C-4007-A55A-AC4ADD51486E}
	EndGlobalSection
EndGlobal
